
Microsoft Visual Studio Solution File, Format Version 12.00
# Visual Studio 14
VisualStudioVersion = 14.0.25123.0
MinimumVisualStudioVersion = 10.0.40219.1
Project("{FAE04EC0-301F-11D3-BF4B-00C04F79EFBC}") = "Vinca.Server", "Vinca.Server\Vinca.Server.csproj", "{44814932-317C-4E55-AB82-90049894841E}"
EndProject
Project("{FAE04EC0-301F-11D3-BF4B-00C04F79EFBC}") = "Vinca.ProtocolEngine", "ProtocolEngine\Vinca.ProtocolEngine.csproj", "{07FD5A4F-E607-4762-AF27-5FC6F837849F}"
EndProject
Project("{FAE04EC0-301F-11D3-BF4B-00C04F79EFBC}") = "Vinca.ProtocolEngine.Tests", "Vinca.ProtocolEngine.Tests\Vinca.ProtocolEngine.Tests.csproj", "{C3EF701E-5397-48AB-AD97-81E77E7808E7}"
EndProject
Global
	GlobalSection(SolutionConfigurationPlatforms) = preSolution
		Debug|Any CPU = Debug|Any CPU
		Release|Any CPU = Release|Any CPU
	EndGlobalSection
	GlobalSection(ProjectConfigurationPlatforms) = postSolution
		{44814932-317C-4E55-AB82-90049894841E}.Debug|Any CPU.ActiveCfg = Debug|Any CPU
		{44814932-317C-4E55-AB82-90049894841E}.Debug|Any CPU.Build.0 = Debug|Any CPU
		{44814932-317C-4E55-AB82-90049894841E}.Release|Any CPU.ActiveCfg = Release|Any CPU
		{44814932-317C-4E55-AB82-90049894841E}.Release|Any CPU.Build.0 = Release|Any CPU
		{07FD5A4F-E607-4762-AF27-5FC6F837849F}.Debug|Any CPU.ActiveCfg = Debug|Any CPU
		{07FD5A4F-E607-4762-AF27-5FC6F837849F}.Debug|Any CPU.Build.0 = Debug|Any CPU
		{07FD5A4F-E607-4762-AF27-5FC6F837849F}.Release|Any CPU.ActiveCfg = Release|Any CPU
		{07FD5A4F-E607-4762-AF27-5FC6F837849F}.Release|Any CPU.Build.0 = Release|Any CPU
		{C3EF701E-5397-48AB-AD97-81E77E7808E7}.Debug|Any CPU.ActiveCfg = Debug|Any CPU
		{C3EF701E-5397-48AB-AD97-81E77E7808E7}.Debug|Any CPU.Build.0 = Debug|Any CPU
		{C3EF701E-5397-48AB-AD97-81E77E7808E7}.Release|Any CPU.ActiveCfg = Release|Any CPU
		{C3EF701E-5397-48AB-AD97-81E77E7808E7}.Release|Any CPU.Build.0 = Release|Any CPU
	EndGlobalSection
	GlobalSection(SolutionProperties) = preSolution
		HideSolutionNode = FALSE
	EndGlobalSection
EndGlobal
